
Microsoft Visual Studio Solution File, Format Version 12.00
# Visual Studio Version 17
VisualStudioVersion = 17.9.34616.47
MinimumVisualStudioVersion = 10.0.40219.1
Project("{FAE04EC0-301F-11D3-BF4B-00C04F79EFBC}") = "ProyectoEstructuras", "ProyectoEstructuras\ProyectoEstructuras.csproj", "{63B4227B-D42D-4BEF-AF75-62482FAAC2D4}"
EndProject
Global
	GlobalSection(SolutionConfigurationPlatforms) = preSolution
		Debug|Any CPU = Debug|Any CPU
		Release|Any CPU = Release|Any CPU
	EndGlobalSection
	GlobalSection(ProjectConfigurationPlatforms) = postSolution
		{63B4227B-D42D-4BEF-AF75-62482FAAC2D4}.Debug|Any CPU.ActiveCfg = Debug|Any CPU
		{63B4227B-D42D-4BEF-AF75-62482FAAC2D4}.Debug|Any CPU.Build.0 = Debug|Any CPU
		{63B4227B-D42D-4BEF-AF75-62482FAAC2D4}.Release|Any CPU.ActiveCfg = Release|Any CPU
		{63B4227B-D42D-4BEF-AF75-62482FAAC2D4}.Release|Any CPU.Build.0 = Release|Any CPU
	EndGlobalSection
	GlobalSection(SolutionProperties) = preSolution
		HideSolutionNode = FALSE
	EndGlobalSection
	GlobalSection(ExtensibilityGlobals) = postSolution
		SolutionGuid = {7F676977-02C6-4C75-B786-DA0E89005C03}
	EndGlobalSection
EndGlobal
